
Microsoft Visual Studio Solution File, Format Version 12.00
# Visual Studio Version 17
VisualStudioVersion = 17.4.33213.308
MinimumVisualStudioVersion = 10.0.40219.1
Project("{9A19103F-16F7-4668-BE54-9A1E7A4F7556}") = "EventBus", "src\EventBus\EventBus.csproj", "{C02ABC4A-BD86-48FA-94D8-16F50E208068}"
EndProject
Project("{9A19103F-16F7-4668-BE54-9A1E7A4F7556}") = "EventBus.Kafka", "src\EventBus.Kafka\EventBus.Kafka.csproj", "{48A316EC-32CB-4777-AC03-16E5CB92D94E}"
EndProject
Project("{2150E333-8FDC-42A3-9474-1A3956D46DE8}") = "src", "src", "{8538DFE0-7DB5-4B4E-A06E-A90227598862}"
EndProject
Global
	GlobalSection(SolutionConfigurationPlatforms) = preSolution
		Debug|Any CPU = Debug|Any CPU
		Release|Any CPU = Release|Any CPU
	EndGlobalSection
	GlobalSection(ProjectConfigurationPlatforms) = postSolution
		{C02ABC4A-BD86-48FA-94D8-16F50E208068}.Debug|Any CPU.ActiveCfg = Debug|Any CPU
		{C02ABC4A-BD86-48FA-94D8-16F50E208068}.Debug|Any CPU.Build.0 = Debug|Any CPU
		{C02ABC4A-BD86-48FA-94D8-16F50E208068}.Release|Any CPU.ActiveCfg = Release|Any CPU
		{C02ABC4A-BD86-48FA-94D8-16F50E208068}.Release|Any CPU.Build.0 = Release|Any CPU
		{48A316EC-32CB-4777-AC03-16E5CB92D94E}.Debug|Any CPU.ActiveCfg = Debug|Any CPU
		{48A316EC-32CB-4777-AC03-16E5CB92D94E}.Debug|Any CPU.Build.0 = Debug|Any CPU
		{48A316EC-32CB-4777-AC03-16E5CB92D94E}.Release|Any CPU.ActiveCfg = Release|Any CPU
		{48A316EC-32CB-4777-AC03-16E5CB92D94E}.Release|Any CPU.Build.0 = Release|Any CPU
	EndGlobalSection
	GlobalSection(SolutionProperties) = preSolution
		HideSolutionNode = FALSE
	EndGlobalSection
	GlobalSection(NestedProjects) = preSolution
		{C02ABC4A-BD86-48FA-94D8-16F50E208068} = {8538DFE0-7DB5-4B4E-A06E-A90227598862}
		{48A316EC-32CB-4777-AC03-16E5CB92D94E} = {8538DFE0-7DB5-4B4E-A06E-A90227598862}
	EndGlobalSection
	GlobalSection(ExtensibilityGlobals) = postSolution
		SolutionGuid = {EE930040-AA44-4B4D-9644-3EFA518C1361}
	EndGlobalSection
EndGlobal
